
Microsoft Visual Studio Solution File, Format Version 12.00
# Visual Studio Version 16
VisualStudioVersion = 16.0.31105.61
MinimumVisualStudioVersion = 10.0.40219.1
Project("{888888A0-9F3D-457C-B088-3A5042F75D52}") = "lesson 7", "lesson 7.pyproj", "{839C2F75-466D-44DC-85EF-6C21BCAF34A9}"
EndProject
Global
	GlobalSection(SolutionConfigurationPlatforms) = preSolution
		Debug|Any CPU = Debug|Any CPU
		Release|Any CPU = Release|Any CPU
	EndGlobalSection
	GlobalSection(ProjectConfigurationPlatforms) = postSolution
		{839C2F75-466D-44DC-85EF-6C21BCAF34A9}.Debug|Any CPU.ActiveCfg = Debug|Any CPU
		{839C2F75-466D-44DC-85EF-6C21BCAF34A9}.Release|Any CPU.ActiveCfg = Release|Any CPU
	EndGlobalSection
	GlobalSection(SolutionProperties) = preSolution
		HideSolutionNode = FALSE
	EndGlobalSection
	GlobalSection(ExtensibilityGlobals) = postSolution
		SolutionGuid = {3B17A24B-60F7-4963-B6B8-74B3A930841F}
	EndGlobalSection
EndGlobal
